
Microsoft Visual Studio Solution File, Format Version 12.00
# Visual Studio 15
VisualStudioVersion = 15.0.26730.12
MinimumVisualStudioVersion = 10.0.40219.1
Project("{FAE04EC0-301F-11D3-BF4B-00C04F79EFBC}") = "TesteEasyTables.Android", "TesteEasyTables\TesteEasyTables.Android\TesteEasyTables.Android.csproj", "{0172FADF-C429-4AF5-A78E-68A6F449723F}"
EndProject
Project("{FAE04EC0-301F-11D3-BF4B-00C04F79EFBC}") = "TesteEasyTables", "TesteEasyTables\TesteEasyTables\TesteEasyTables.csproj", "{D427FFAE-917E-4212-A7D4-4B6978539865}"
EndProject
Project("{FAE04EC0-301F-11D3-BF4B-00C04F79EFBC}") = "TesteEasyTables.UWP", "TesteEasyTables\TesteEasyTables.UWP\TesteEasyTables.UWP.csproj", "{9BE4738D-058A-4C3C-B2E8-50C8F3CBFAC7}"
EndProject
Project("{FAE04EC0-301F-11D3-BF4B-00C04F79EFBC}") = "TesteEasyTables.iOS", "TesteEasyTables\TesteEasyTables.iOS\TesteEasyTables.iOS.csproj", "{C7CFD20A-9382-46CD-B433-5B0EC8444B87}"
EndProject
Global
	GlobalSection(SolutionConfigurationPlatforms) = preSolution
		Ad-Hoc|Any CPU = Ad-Hoc|Any CPU
		Ad-Hoc|ARM = Ad-Hoc|ARM
		Ad-Hoc|iPhone = Ad-Hoc|iPhone
		Ad-Hoc|iPhoneSimulator = Ad-Hoc|iPhoneSimulator
		Ad-Hoc|x64 = Ad-Hoc|x64
		Ad-Hoc|x86 = Ad-Hoc|x86
		AppStore|Any CPU = AppStore|Any CPU
		AppStore|ARM = AppStore|ARM
		AppStore|iPhone = AppStore|iPhone
		AppStore|iPhoneSimulator = AppStore|iPhoneSimulator
		AppStore|x64 = AppStore|x64
		AppStore|x86 = AppStore|x86
		Debug|Any CPU = Debug|Any CPU
		Debug|ARM = Debug|ARM
		Debug|iPhone = Debug|iPhone
		Debug|iPhoneSimulator = Debug|iPhoneSimulator
		Debug|x64 = Debug|x64
		Debug|x86 = Debug|x86
		Release|Any CPU = Release|Any CPU
		Release|ARM = Release|ARM
		Release|iPhone = Release|iPhone
		Release|iPhoneSimulator = Release|iPhoneSimulator
		Release|x64 = Release|x64
		Release|x86 = Release|x86
	EndGlobalSection
	GlobalSection(ProjectConfigurationPlatforms) = postSolution
		{0172FADF-C429-4AF5-A78E-68A6F449723F}.Ad-Hoc|Any CPU.ActiveCfg = Release|Any CPU
		{0172FADF-C429-4AF5-A78E-68A6F449723F}.Ad-Hoc|Any CPU.Build.0 = Release|Any CPU
		{0172FADF-C429-4AF5-A78E-68A6F449723F}.Ad-Hoc|Any CPU.Deploy.0 = Release|Any CPU
		{0172FADF-C429-4AF5-A78E-68A6F449723F}.Ad-Hoc|ARM.ActiveCfg = Release|Any CPU
		{0172FADF-C429-4AF5-A78E-68A6F449723F}.Ad-Hoc|ARM.Build.0 = Release|Any CPU
		{0172FADF-C429-4AF5-A78E-68A6F449723F}.Ad-Hoc|ARM.Deploy.0 = Release|Any CPU
		{0172FADF-C429-4AF5-A78E-68A6F449723F}.Ad-Hoc|iPhone.ActiveCfg = Release|Any CPU
		{0172FADF-C429-4AF5-A78E-68A6F449723F}.Ad-Hoc|iPhone.Build.0 = Release|Any CPU
		{0172FADF-C429-4AF5-A78E-68A6F449723F}.Ad-Hoc|iPhone.Deploy.0 = Release|Any CPU
		{0172FADF-C429-4AF5-A78E-68A6F449723F}.Ad-Hoc|iPhoneSimulator.ActiveCfg = Release|Any CPU
		{0172FADF-C429-4AF5-A78E-68A6F449723F}.Ad-Hoc|iPhoneSimulator.Build.0 = Release|Any CPU
		{0172FADF-C429-4AF5-A78E-68A6F449723F}.Ad-Hoc|iPhoneSimulator.Deploy.0 = Release|Any CPU
		{0172FADF-C429-4AF5-A78E-68A6F449723F}.Ad-Hoc|x64.ActiveCfg = Release|Any CPU
		{0172FADF-C429-4AF5-A78E-68A6F449723F}.Ad-Hoc|x64.Build.0 = Release|Any CPU
		{0172FADF-C429-4AF5-A78E-68A6F449723F}.Ad-Hoc|x64.Deploy.0 = Release|Any CPU
		{0172FADF-C429-4AF5-A78E-68A6F449723F}.Ad-Hoc|x86.ActiveCfg = Release|Any CPU
		{0172FADF-C429-4AF5-A78E-68A6F449723F}.Ad-Hoc|x86.Build.0 = Release|Any CPU
		{0172FADF-C429-4AF5-A78E-68A6F449723F}.Ad-Hoc|x86.Deploy.0 = Release|Any CPU
		{0172FADF-C429-4AF5-A78E-68A6F449723F}.AppStore|Any CPU.ActiveCfg = Release|Any CPU
		{0172FADF-C429-4AF5-A78E-68A6F449723F}.AppStore|Any CPU.Build.0 = Release|Any CPU
		{0172FADF-C429-4AF5-A78E-68A6F449723F}.AppStore|Any CPU.Deploy.0 = Release|Any CPU
		{0172FADF-C429-4AF5-A78E-68A6F449723F}.AppStore|ARM.ActiveCfg = Release|Any CPU
		{0172FADF-C429-4AF5-A78E-68A6F449723F}.AppStore|ARM.Build.0 = Release|Any CPU
		{0172FADF-C429-4AF5-A78E-68A6F449723F}.AppStore|ARM.Deploy.0 = Release|Any CPU
		{0172FADF-C429-4AF5-A78E-68A6F449723F}.AppStore|iPhone.ActiveCfg = Release|Any CPU
		{0172FADF-C429-4AF5-A78E-68A6F449723F}.AppStore|iPhone.Build.0 = Release|Any CPU
		{0172FADF-C429-4AF5-A78E-68A6F449723F}.AppStore|iPhone.Deploy.0 = Release|Any CPU
		{0172FADF-C429-4AF5-A78E-68A6F449723F}.AppStore|iPhoneSimulator.ActiveCfg = Release|Any CPU
		{0172FADF-C429-4AF5-A78E-68A6F449723F}.AppStore|iPhoneSimulator.Build.0 = Release|Any CPU
		{0172FADF-C429-4AF5-A78E-68A6F449723F}.AppStore|iPhoneSimulator.Deploy.0 = Release|Any CPU
		{0172FADF-C429-4AF5-A78E-68A6F449723F}.AppStore|x64.ActiveCfg = Release|Any CPU
		{0172FADF-C429-4AF5-A78E-68A6F449723F}.AppStore|x64.Build.0 = Release|Any CPU
		{0172FADF-C429-4AF5-A78E-68A6F449723F}.AppStore|x64.Deploy.0 = Release|Any CPU
		{0172FADF-C429-4AF5-A78E-68A6F449723F}.AppStore|x86.ActiveCfg = Release|Any CPU
		{0172FADF-C429-4AF5-A78E-68A6F449723F}.AppStore|x86.Build.0 = Release|Any CPU
		{0172FADF-C429-4AF5-A78E-68A6F449723F}.AppStore|x86.Deploy.0 = Release|Any CPU
		{0172FADF-C429-4AF5-A78E-68A6F449723F}.Debug|Any CPU.ActiveCfg = Debug|Any CPU
		{0172FADF-C429-4AF5-A78E-68A6F449723F}.Debug|Any CPU.Build.0 = Debug|Any CPU
		{0172FADF-C429-4AF5-A78E-68A6F449723F}.Debug|Any CPU.Deploy.0 = Debug|Any CPU
		{0172FADF-C429-4AF5-A78E-68A6F449723F}.Debug|ARM.ActiveCfg = Debug|Any CPU
		{0172FADF-C429-4AF5-A78E-68A6F449723F}.Debug|ARM.Build.0 = Debug|Any CPU
		{0172FADF-C429-4AF5-A78E-68A6F449723F}.Debug|ARM.Deploy.0 = Debug|Any CPU
		{0172FADF-C429-4AF5-A78E-68A6F449723F}.Debug|iPhone.ActiveCfg = Debug|Any CPU
		{0172FADF-C429-4AF5-A78E-68A6F449723F}.Debug|iPhone.Build.0 = Debug|Any CPU
		{0172FADF-C429-4AF5-A78E-68A6F449723F}.Debug|iPhone.Deploy.0 = Debug|Any CPU
		{0172FADF-C429-4AF5-A78E-68A6F449723F}.Debug|iPhoneSimulator.ActiveCfg = Debug|Any CPU
		{0172FADF-C429-4AF5-A78E-68A6F449723F}.Debug|iPhoneSimulator.Build.0 = Debug|Any CPU
		{0172FADF-C429-4AF5-A78E-68A6F449723F}.Debug|iPhoneSimulator.Deploy.0 = Debug|Any CPU
		{0172FADF-C429-4AF5-A78E-68A6F449723F}.Debug|x64.ActiveCfg = Debug|Any CPU
		{0172FADF-C429-4AF5-A78E-68A6F449723F}.Debug|x64.Build.0 = Debug|Any CPU
		{0172FADF-C429-4AF5-A78E-68A6F449723F}.Debug|x64.Deploy.0 = Debug|Any CPU
		{0172FADF-C429-4AF5-A78E-68A6F449723F}.Debug|x86.ActiveCfg = Debug|Any CPU
		{0172FADF-C429-4AF5-A78E-68A6F449723F}.Debug|x86.Build.0 = Debug|Any CPU
		{0172FADF-C429-4AF5-A78E-68A6F449723F}.Debug|x86.Deploy.0 = Debug|Any CPU
		{0172FADF-C429-4AF5-A78E-68A6F449723F}.Release|Any CPU.ActiveCfg = Release|Any CPU
		{0172FADF-C429-4AF5-A78E-68A6F449723F}.Release|Any CPU.Build.0 = Release|Any CPU
		{0172FADF-C429-4AF5-A78E-68A6F449723F}.Release|Any CPU.Deploy.0 = Release|Any CPU
		{0172FADF-C429-4AF5-A78E-68A6F449723F}.Release|ARM.ActiveCfg = Release|Any CPU
		{0172FADF-C429-4AF5-A78E-68A6F449723F}.Release|ARM.Build.0 = Release|Any CPU
		{0172FADF-C429-4AF5-A78E-68A6F449723F}.Release|ARM.Deploy.0 = Release|Any CPU
		{0172FADF-C429-4AF5-A78E-68A6F449723F}.Release|iPhone.ActiveCfg = Release|Any CPU
		{0172FADF-C429-4AF5-A78E-68A6F449723F}.Release|iPhone.Build.0 = Release|Any CPU
		{0172FADF-C429-4AF5-A78E-68A6F449723F}.Release|iPhone.Deploy.0 = Release|Any CPU
		{0172FADF-C429-4AF5-A78E-68A6F449723F}.Release|iPhoneSimulator.ActiveCfg = Release|Any CPU
		{0172FADF-C429-4AF5-A78E-68A6F449723F}.Release|iPhoneSimulator.Build.0 = Release|Any CPU
		{0172FADF-C429-4AF5-A78E-68A6F449723F}.Release|iPhoneSimulator.Deploy.0 = Release|Any CPU
		{0172FADF-C429-4AF5-A78E-68A6F449723F}.Release|x64.ActiveCfg = Release|Any CPU
		{0172FADF-C429-4AF5-A78E-68A6F449723F}.Release|x64.Build.0 = Release|Any CPU
		{0172FADF-C429-4AF5-A78E-68A6F449723F}.Release|x64.Deploy.0 = Release|Any CPU
		{0172FADF-C429-4AF5-A78E-68A6F449723F}.Release|x86.ActiveCfg = Release|Any CPU
		{0172FADF-C429-4AF5-A78E-68A6F449723F}.Release|x86.Build.0 = Release|Any CPU
		{0172FADF-C429-4AF5-A78E-68A6F449723F}.Release|x86.Deploy.0 = Release|Any CPU
		{D427FFAE-917E-4212-A7D4-4B6978539865}.Ad-Hoc|Any CPU.ActiveCfg = Release|Any CPU
		{D427FFAE-917E-4212-A7D4-4B6978539865}.Ad-Hoc|Any CPU.Build.0 = Release|Any CPU
		{D427FFAE-917E-4212-A7D4-4B6978539865}.Ad-Hoc|ARM.ActiveCfg = Release|Any CPU
		{D427FFAE-917E-4212-A7D4-4B6978539865}.Ad-Hoc|ARM.Build.0 = Release|Any CPU
		{D427FFAE-917E-4212-A7D4-4B6978539865}.Ad-Hoc|iPhone.ActiveCfg = Release|Any CPU
		{D427FFAE-917E-4212-A7D4-4B6978539865}.Ad-Hoc|iPhone.Build.0 = Release|Any CPU
		{D427FFAE-917E-4212-A7D4-4B6978539865}.Ad-Hoc|iPhoneSimulator.ActiveCfg = Release|Any CPU
		{D427FFAE-917E-4212-A7D4-4B6978539865}.Ad-Hoc|iPhoneSimulator.Build.0 = Release|Any CPU
		{D427FFAE-917E-4212-A7D4-4B6978539865}.Ad-Hoc|x64.ActiveCfg = Release|Any CPU
		{D427FFAE-917E-4212-A7D4-4B6978539865}.Ad-Hoc|x64.Build.0 = Release|Any CPU
		{D427FFAE-917E-4212-A7D4-4B6978539865}.Ad-Hoc|x86.ActiveCfg = Release|Any CPU
		{D427FFAE-917E-4212-A7D4-4B6978539865}.Ad-Hoc|x86.Build.0 = Release|Any CPU
		{D427FFAE-917E-4212-A7D4-4B6978539865}.AppStore|Any CPU.ActiveCfg = Release|Any CPU
		{D427FFAE-917E-4212-A7D4-4B6978539865}.AppStore|Any CPU.Build.0 = Release|Any CPU
		{D427FFAE-917E-4212-A7D4-4B6978539865}.AppStore|ARM.ActiveCfg = Release|Any CPU
		{D427FFAE-917E-4212-A7D4-4B6978539865}.AppStore|ARM.Build.0 = Release|Any CPU
		{D427FFAE-917E-4212-A7D4-4B6978539865}.AppStore|iPhone.ActiveCfg = Release|Any CPU
		{D427FFAE-917E-4212-A7D4-4B6978539865}.AppStore|iPhone.Build.0 = Release|Any CPU
		{D427FFAE-917E-4212-A7D4-4B6978539865}.AppStore|iPhoneSimulator.ActiveCfg = Release|Any CPU
		{D427FFAE-917E-4212-A7D4-4B6978539865}.AppStore|iPhoneSimulator.Build.0 = Release|Any CPU
		{D427FFAE-917E-4212-A7D4-4B6978539865}.AppStore|x64.ActiveCfg = Release|Any CPU
		{D427FFAE-917E-4212-A7D4-4B6978539865}.AppStore|x64.Build.0 = Release|Any CPU
		{D427FFAE-917E-4212-A7D4-4B6978539865}.AppStore|x86.ActiveCfg = Release|Any CPU
		{D427FFAE-917E-4212-A7D4-4B6978539865}.AppStore|x86.Build.0 = Release|Any CPU
		{D427FFAE-917E-4212-A7D4-4B6978539865}.Debug|Any CPU.ActiveCfg = Debug|Any CPU
		{D427FFAE-917E-4212-A7D4-4B6978539865}.Debug|Any CPU.Build.0 = Debug|Any CPU
		{D427FFAE-917E-4212-A7D4-4B6978539865}.Debug|ARM.ActiveCfg = Debug|Any CPU
		{D427FFAE-917E-4212-A7D4-4B6978539865}.Debug|ARM.Build.0 = Debug|Any CPU
		{D427FFAE-917E-4212-A7D4-4B6978539865}.Debug|iPhone.ActiveCfg = Debug|Any CPU
		{D427FFAE-917E-4212-A7D4-4B6978539865}.Debug|iPhone.Build.0 = Debug|Any CPU
		{D427FFAE-917E-4212-A7D4-4B6978539865}.Debug|iPhoneSimulator.ActiveCfg = Debug|Any CPU
		{D427FFAE-917E-4212-A7D4-4B6978539865}.Debug|iPhoneSimulator.Build.0 = Debug|Any CPU
		{D427FFAE-917E-4212-A7D4-4B6978539865}.Debug|x64.ActiveCfg = Debug|Any CPU
		{D427FFAE-917E-4212-A7D4-4B6978539865}.Debug|x64.Build.0 = Debug|Any CPU
		{D427FFAE-917E-4212-A7D4-4B6978539865}.Debug|x86.ActiveCfg = Debug|Any CPU
		{D427FFAE-917E-4212-A7D4-4B6978539865}.Debug|x86.Build.0 = Debug|Any CPU
		{D427FFAE-917E-4212-A7D4-4B6978539865}.Release|Any CPU.ActiveCfg = Release|Any CPU
		{D427FFAE-917E-4212-A7D4-4B6978539865}.Release|Any CPU.Build.0 = Release|Any CPU
		{D427FFAE-917E-4212-A7D4-4B6978539865}.Release|ARM.ActiveCfg = Release|Any CPU
		{D427FFAE-917E-4212-A7D4-4B6978539865}.Release|ARM.Build.0 = Release|Any CPU
		{D427FFAE-917E-4212-A7D4-4B6978539865}.Release|iPhone.ActiveCfg = Release|Any CPU
		{D427FFAE-917E-4212-A7D4-4B6978539865}.Release|iPhone.Build.0 = Release|Any CPU
		{D427FFAE-917E-4212-A7D4-4B6978539865}.Release|iPhoneSimulator.ActiveCfg = Release|Any CPU
		{D427FFAE-917E-4212-A7D4-4B6978539865}.Release|iPhoneSimulator.Build.0 = Release|Any CPU
		{D427FFAE-917E-4212-A7D4-4B6978539865}.Release|x64.ActiveCfg = Release|Any CPU
		{D427FFAE-917E-4212-A7D4-4B6978539865}.Release|x64.Build.0 = Release|Any CPU
		{D427FFAE-917E-4212-A7D4-4B6978539865}.Release|x86.ActiveCfg = Release|Any CPU
		{D427FFAE-917E-4212-A7D4-4B6978539865}.Release|x86.Build.0 = Release|Any CPU
		{9BE4738D-058A-4C3C-B2E8-50C8F3CBFAC7}.Ad-Hoc|Any CPU.ActiveCfg = Release|x86
		{9BE4738D-058A-4C3C-B2E8-50C8F3CBFAC7}.Ad-Hoc|Any CPU.Build.0 = Release|x86
		{9BE4738D-058A-4C3C-B2E8-50C8F3CBFAC7}.Ad-Hoc|Any CPU.Deploy.0 = Release|x86
		{9BE4738D-058A-4C3C-B2E8-50C8F3CBFAC7}.Ad-Hoc|ARM.ActiveCfg = Release|ARM
		{9BE4738D-058A-4C3C-B2E8-50C8F3CBFAC7}.Ad-Hoc|ARM.Build.0 = Release|ARM
		{9BE4738D-058A-4C3C-B2E8-50C8F3CBFAC7}.Ad-Hoc|ARM.Deploy.0 = Release|ARM
		{9BE4738D-058A-4C3C-B2E8-50C8F3CBFAC7}.Ad-Hoc|iPhone.ActiveCfg = Release|x86
		{9BE4738D-058A-4C3C-B2E8-50C8F3CBFAC7}.Ad-Hoc|iPhone.Build.0 = Release|x86
		{9BE4738D-058A-4C3C-B2E8-50C8F3CBFAC7}.Ad-Hoc|iPhone.Deploy.0 = Release|x86
		{9BE4738D-058A-4C3C-B2E8-50C8F3CBFAC7}.Ad-Hoc|iPhoneSimulator.ActiveCfg = Release|x86
		{9BE4738D-058A-4C3C-B2E8-50C8F3CBFAC7}.Ad-Hoc|iPhoneSimulator.Build.0 = Release|x86
		{9BE4738D-058A-4C3C-B2E8-50C8F3CBFAC7}.Ad-Hoc|iPhoneSimulator.Deploy.0 = Release|x86
		{9BE4738D-058A-4C3C-B2E8-50C8F3CBFAC7}.Ad-Hoc|x64.ActiveCfg = Release|x64
		{9BE4738D-058A-4C3C-B2E8-50C8F3CBFAC7}.Ad-Hoc|x64.Build.0 = Release|x64
		{9BE4738D-058A-4C3C-B2E8-50C8F3CBFAC7}.Ad-Hoc|x64.Deploy.0 = Release|x64
		{9BE4738D-058A-4C3C-B2E8-50C8F3CBFAC7}.Ad-Hoc|x86.ActiveCfg = Release|x86
		{9BE4738D-058A-4C3C-B2E8-50C8F3CBFAC7}.Ad-Hoc|x86.Build.0 = Release|x86
		{9BE4738D-058A-4C3C-B2E8-50C8F3CBFAC7}.Ad-Hoc|x86.Deploy.0 = Release|x86
		{9BE4738D-058A-4C3C-B2E8-50C8F3CBFAC7}.AppStore|Any CPU.ActiveCfg = Release|x86
		{9BE4738D-058A-4C3C-B2E8-50C8F3CBFAC7}.AppStore|Any CPU.Build.0 = Release|x86
		{9BE4738D-058A-4C3C-B2E8-50C8F3CBFAC7}.AppStore|Any CPU.Deploy.0 = Release|x86
		{9BE4738D-058A-4C3C-B2E8-50C8F3CBFAC7}.AppStore|ARM.ActiveCfg = Release|ARM
		{9BE4738D-058A-4C3C-B2E8-50C8F3CBFAC7}.AppStore|ARM.Build.0 = Release|ARM
		{9BE4738D-058A-4C3C-B2E8-50C8F3CBFAC7}.AppStore|ARM.Deploy.0 = Release|ARM
		{9BE4738D-058A-4C3C-B2E8-50C8F3CBFAC7}.AppStore|iPhone.ActiveCfg = Release|x86
		{9BE4738D-058A-4C3C-B2E8-50C8F3CBFAC7}.AppStore|iPhone.Build.0 = Release|x86
		{9BE4738D-058A-4C3C-B2E8-50C8F3CBFAC7}.AppStore|iPhone.Deploy.0 = Release|x86
		{9BE4738D-058A-4C3C-B2E8-50C8F3CBFAC7}.AppStore|iPhoneSimulator.ActiveCfg = Release|x86
		{9BE4738D-058A-4C3C-B2E8-50C8F3CBFAC7}.AppStore|iPhoneSimulator.Build.0 = Release|x86
		{9BE4738D-058A-4C3C-B2E8-50C8F3CBFAC7}.AppStore|iPhoneSimulator.Deploy.0 = Release|x86
		{9BE4738D-058A-4C3C-B2E8-50C8F3CBFAC7}.AppStore|x64.ActiveCfg = Release|x64
		{9BE4738D-058A-4C3C-B2E8-50C8F3CBFAC7}.AppStore|x64.Build.0 = Release|x64
		{9BE4738D-058A-4C3C-B2E8-50C8F3CBFAC7}.AppStore|x64.Deploy.0 = Release|x64
		{9BE4738D-058A-4C3C-B2E8-50C8F3CBFAC7}.AppStore|x86.ActiveCfg = Release|x86
		{9BE4738D-058A-4C3C-B2E8-50C8F3CBFAC7}.AppStore|x86.Build.0 = Release|x86
		{9BE4738D-058A-4C3C-B2E8-50C8F3CBFAC7}.AppStore|x86.Deploy.0 = Release|x86
		{9BE4738D-058A-4C3C-B2E8-50C8F3CBFAC7}.Debug|Any CPU.ActiveCfg = Debug|x86
		{9BE4738D-058A-4C3C-B2E8-50C8F3CBFAC7}.Debug|ARM.ActiveCfg = Debug|ARM
		{9BE4738D-058A-4C3C-B2E8-50C8F3CBFAC7}.Debug|ARM.Build.0 = Debug|ARM
		{9BE4738D-058A-4C3C-B2E8-50C8F3CBFAC7}.Debug|ARM.Deploy.0 = Debug|ARM
		{9BE4738D-058A-4C3C-B2E8-50C8F3CBFAC7}.Debug|iPhone.ActiveCfg = Debug|x86
		{9BE4738D-058A-4C3C-B2E8-50C8F3CBFAC7}.Debug|iPhoneSimulator.ActiveCfg = Debug|x86
		{9BE4738D-058A-4C3C-B2E8-50C8F3CBFAC7}.Debug|x64.ActiveCfg = Debug|x64
		{9BE4738D-058A-4C3C-B2E8-50C8F3CBFAC7}.Debug|x64.Build.0 = Debug|x64
		{9BE4738D-058A-4C3C-B2E8-50C8F3CBFAC7}.Debug|x64.Deploy.0 = Debug|x64
		{9BE4738D-058A-4C3C-B2E8-50C8F3CBFAC7}.Debug|x86.ActiveCfg = Debug|x86
		{9BE4738D-058A-4C3C-B2E8-50C8F3CBFAC7}.Debug|x86.Build.0 = Debug|x86
		{9BE4738D-058A-4C3C-B2E8-50C8F3CBFAC7}.Debug|x86.Deploy.0 = Debug|x86
		{9BE4738D-058A-4C3C-B2E8-50C8F3CBFAC7}.Release|Any CPU.ActiveCfg = Release|x86
		{9BE4738D-058A-4C3C-B2E8-50C8F3CBFAC7}.Release|ARM.ActiveCfg = Release|ARM
		{9BE4738D-058A-4C3C-B2E8-50C8F3CBFAC7}.Release|ARM.Build.0 = Release|ARM
		{9BE4738D-058A-4C3C-B2E8-50C8F3CBFAC7}.Release|ARM.Deploy.0 = Release|ARM
		{9BE4738D-058A-4C3C-B2E8-50C8F3CBFAC7}.Release|iPhone.ActiveCfg = Release|x86
		{9BE4738D-058A-4C3C-B2E8-50C8F3CBFAC7}.Release|iPhoneSimulator.ActiveCfg = Release|x86
		{9BE4738D-058A-4C3C-B2E8-50C8F3CBFAC7}.Release|x64.ActiveCfg = Release|x64
		{9BE4738D-058A-4C3C-B2E8-50C8F3CBFAC7}.Release|x64.Build.0 = Release|x64
		{9BE4738D-058A-4C3C-B2E8-50C8F3CBFAC7}.Release|x64.Deploy.0 = Release|x64
		{9BE4738D-058A-4C3C-B2E8-50C8F3CBFAC7}.Release|x86.ActiveCfg = Release|x86
		{9BE4738D-058A-4C3C-B2E8-50C8F3CBFAC7}.Release|x86.Build.0 = Release|x86
		{9BE4738D-058A-4C3C-B2E8-50C8F3CBFAC7}.Release|x86.Deploy.0 = Release|x86
		{C7CFD20A-9382-46CD-B433-5B0EC8444B87}.Ad-Hoc|Any CPU.ActiveCfg = Ad-Hoc|iPhone
		{C7CFD20A-9382-46CD-B433-5B0EC8444B87}.Ad-Hoc|ARM.ActiveCfg = Ad-Hoc|iPhone
		{C7CFD20A-9382-46CD-B433-5B0EC8444B87}.Ad-Hoc|iPhone.ActiveCfg = Ad-Hoc|iPhone
		{C7CFD20A-9382-46CD-B433-5B0EC8444B87}.Ad-Hoc|iPhone.Build.0 = Ad-Hoc|iPhone
		{C7CFD20A-9382-46CD-B433-5B0EC8444B87}.Ad-Hoc|iPhoneSimulator.ActiveCfg = Ad-Hoc|iPhoneSimulator
		{C7CFD20A-9382-46CD-B433-5B0EC8444B87}.Ad-Hoc|iPhoneSimulator.Build.0 = Ad-Hoc|iPhoneSimulator
		{C7CFD20A-9382-46CD-B433-5B0EC8444B87}.Ad-Hoc|x64.ActiveCfg = Ad-Hoc|iPhone
		{C7CFD20A-9382-46CD-B433-5B0EC8444B87}.Ad-Hoc|x86.ActiveCfg = Ad-Hoc|iPhone
		{C7CFD20A-9382-46CD-B433-5B0EC8444B87}.AppStore|Any CPU.ActiveCfg = AppStore|iPhone
		{C7CFD20A-9382-46CD-B433-5B0EC8444B87}.AppStore|ARM.ActiveCfg = AppStore|iPhone
		{C7CFD20A-9382-46CD-B433-5B0EC8444B87}.AppStore|iPhone.ActiveCfg = AppStore|iPhone
		{C7CFD20A-9382-46CD-B433-5B0EC8444B87}.AppStore|iPhone.Build.0 = AppStore|iPhone
		{C7CFD20A-9382-46CD-B433-5B0EC8444B87}.AppStore|iPhoneSimulator.ActiveCfg = AppStore|iPhoneSimulator
		{C7CFD20A-9382-46CD-B433-5B0EC8444B87}.AppStore|iPhoneSimulator.Build.0 = AppStore|iPhoneSimulator
		{C7CFD20A-9382-46CD-B433-5B0EC8444B87}.AppStore|x64.ActiveCfg = AppStore|iPhone
		{C7CFD20A-9382-46CD-B433-5B0EC8444B87}.AppStore|x86.ActiveCfg = AppStore|iPhone
		{C7CFD20A-9382-46CD-B433-5B0EC8444B87}.Debug|Any CPU.ActiveCfg = Debug|iPhone
		{C7CFD20A-9382-46CD-B433-5B0EC8444B87}.Debug|ARM.ActiveCfg = Debug|iPhone
		{C7CFD20A-9382-46CD-B433-5B0EC8444B87}.Debug|iPhone.ActiveCfg = Debug|iPhone
		{C7CFD20A-9382-46CD-B433-5B0EC8444B87}.Debug|iPhone.Build.0 = Debug|iPhone
		{C7CFD20A-9382-46CD-B433-5B0EC8444B87}.Debug|iPhoneSimulator.ActiveCfg = Debug|iPhoneSimulator
		{C7CFD20A-9382-46CD-B433-5B0EC8444B87}.Debug|iPhoneSimulator.Build.0 = Debug|iPhoneSimulator
		{C7CFD20A-9382-46CD-B433-5B0EC8444B87}.Debug|x64.ActiveCfg = Debug|iPhone
		{C7CFD20A-9382-46CD-B433-5B0EC8444B87}.Debug|x86.ActiveCfg = Debug|iPhone
		{C7CFD20A-9382-46CD-B433-5B0EC8444B87}.Release|Any CPU.ActiveCfg = Release|iPhone
		{C7CFD20A-9382-46CD-B433-5B0EC8444B87}.Release|ARM.ActiveCfg = Release|iPhone
		{C7CFD20A-9382-46CD-B433-5B0EC8444B87}.Release|iPhone.ActiveCfg = Release|iPhone
		{C7CFD20A-9382-46CD-B433-5B0EC8444B87}.Release|iPhone.Build.0 = Release|iPhone
		{C7CFD20A-9382-46CD-B433-5B0EC8444B87}.Release|iPhoneSimulator.ActiveCfg = Release|iPhoneSimulator
		{C7CFD20A-9382-46CD-B433-5B0EC8444B87}.Release|iPhoneSimulator.Build.0 = Release|iPhoneSimulator
		{C7CFD20A-9382-46CD-B433-5B0EC8444B87}.Release|x64.ActiveCfg = Release|iPhone
		{C7CFD20A-9382-46CD-B433-5B0EC8444B87}.Release|x86.ActiveCfg = Release|iPhone
	EndGlobalSection
	GlobalSection(SolutionProperties) = preSolution
		HideSolutionNode = FALSE
	EndGlobalSection
	GlobalSection(ExtensibilityGlobals) = postSolution
		SolutionGuid = {8D66E0CE-9701-483B-8C68-E05F0FE1A322}
	EndGlobalSection
EndGlobal
